{
  "name": "Pixelnote",
  "version": "1.0.0",
  "lockfileVersion": 1,
  "requires": true,
  "dependencies": {
    "create-react-class": {
      "version": "15.7.0",
      "resolved": "https://registry.npmjs.org/create-react-class/-/create-react-class-15.7.0.tgz",
      "integrity": "sha512-QZv4sFWG9S5RUvkTYWbflxeZX+JG7Cz0Tn33rQBJ+WFQTqTfUTjMjiv9tnfXazjsO5r0KhPs+AqCjyrQX6h2ng==",
      "requires": {
        "loose-envify": "^1.3.1",
        "object-assign": "^4.1.1"
      }
    },
    "froala-editor": {
      "version": "4.0.10",
      "resolved": "https://registry.npmjs.org/froala-editor/-/froala-editor-4.0.10.tgz",
      "integrity": "sha512-q7KglNOyo7tsK8sdO548qBfuKi+RdAFuC1Zt1E1l7LTzmkCXjGXR5clJJg9zb4V3D06KuPnNeNCGcfVEaalLww=="
    },
    "js-tokens": {
      "version": "4.0.0",
      "resolved": "https://registry.npmjs.org/js-tokens/-/js-tokens-4.0.0.tgz",
      "integrity": "sha512-RdJUflcE3cUzKiMqQgsCu06FPu9UdIJO0beYbPhHN4k6apgJtifcoCtT9bcxOpYBtpD2kCM6Sbzg4CausW/PKQ=="
    },
    "loose-envify": {
      "version": "1.4.0",
      "resolved": "https://registry.npmjs.org/loose-envify/-/loose-envify-1.4.0.tgz",
      "integrity": "sha512-lyuxPGr/Wfhrlem2CL/UcnUc1zcqKAImBDzukY7Y5F/yQiNdko6+fRLevlw1HgMySw7f611UIY408EtxRSoK3Q==",
      "requires": {
        "js-tokens": "^3.0.0 || ^4.0.0"
      }
    },
    "object-assign": {
      "version": "4.1.1",
      "resolved": "https://registry.npmjs.org/object-assign/-/object-assign-4.1.1.tgz",
      "integrity": "sha1-IQmtx5ZYh8/AXLvUQsrIv7s2CGM="
    },
    "react-froala-wysiwyg": {
      "version": "4.0.10",
      "resolved": "https://registry.npmjs.org/react-froala-wysiwyg/-/react-froala-wysiwyg-4.0.10.tgz",
      "integrity": "sha512-y/h+TV6R818ZIvz177b8+eCDnJpvkUqbRlUaaLRR6CKw+CzxvD/qyzpZlX9tUIGYhYn3AQJgge6PZ4RfTD38PQ==",
      "requires": {
        "create-react-class": "^15.5.2",
        "froala-editor": "4.0.10"
      }
    }
  }
}
